// !$*UTF8*$!
{
	archiveVersion = 1;
	classes = {
	};
	objectVersion = 50;
	objects = {

/* Begin PBXBuildFile section */
		CD0456F42379F52100B8BB4C /* AppDelegate.swift in Sources */ = {isa = PBXBuildFile; fileRef = CD0456F32379F52100B8BB4C /* AppDelegate.swift */; };
		CD0456F62379F52100B8BB4C /* SceneDelegate.swift in Sources */ = {isa = PBXBuildFile; fileRef = CD0456F52379F52100B8BB4C /* SceneDelegate.swift */; };
		CD0456F82379F52100B8BB4C /* ViewController.swift in Sources */ = {isa = PBXBuildFile; fileRef = CD0456F72379F52100B8BB4C /* ViewController.swift */; };
		CD0456FB2379F52100B8BB4C /* Main.storyboard in Resources */ = {isa = PBXBuildFile; fileRef = CD0456F92379F52100B8BB4C /* Main.storyboard */; };
		CD0456FD2379F52200B8BB4C /* Assets.xcassets in Resources */ = {isa = PBXBuildFile; fileRef = CD0456FC2379F52200B8BB4C /* Assets.xcassets */; };
		CD0457002379F52200B8BB4C /* LaunchScreen.storyboard in Resources */ = {isa = PBXBuildFile; fileRef = CD0456FE2379F52200B8BB4C /* LaunchScreen.storyboard */; };
		CD04570B2379F52200B8BB4C /* ParstagramTests.swift in Sources */ = {isa = PBXBuildFile; fileRef = CD04570A2379F52200B8BB4C /* ParstagramTests.swift */; };
		CD0457162379F52300B8BB4C /* ParstagramUITests.swift in Sources */ = {isa = PBXBuildFile; fileRef = CD0457152379F52300B8BB4C /* ParstagramUITests.swift */; };
/* End PBXBuildFile section */

/* Begin PBXContainerItemProxy section */
		CD0457072379F52200B8BB4C /* PBXContainerItemProxy */ = {
			isa = PBXContainerItemProxy;
			containerPortal = CD0456E82379F52100B8BB4C /* Project object */;
			proxyType = 1;
			remoteGlobalIDString = CD0456EF2379F52100B8BB4C;
			remoteInfo = Parstagram;
		};
		CD0457122379F52300B8BB4C /* PBXContainerItemProxy */ = {
			isa = PBXContainerItemProxy;
			containerPortal = CD0456E82379F52100B8BB4C /* Project object */;
			proxyType = 1;
			remoteGlobalIDString = CD0456EF2379F52100B8BB4C;
			remoteInfo = Parstagram;
		};
/* End PBXContainerItemProxy section */

/* Begin PBXFileReference section */
		CD0456F02379F52100B8BB4C /* Parstagram.app */ = {isa = PBXFileReference; explicitFileType = wrapper.application; includeInIndex = 0; path = Parstagram.app; sourceTree = BUILT_PRODUCTS_DIR; };
		CD0456F32379F52100B8BB4C /* AppDelegate.swift */ = {isa = PBXFileReference; lastKnownFileType = sourcecode.swift; path = AppDelegate.swift; sourceTree = "<group>"; };
		CD0456F52379F52100B8BB4C /* SceneDelegate.swift */ = {isa = PBXFileReference; lastKnownFileType = sourcecode.swift; path = SceneDelegate.swift; sourceTree = "<group>"; };
		CD0456F72379F52100B8BB4C /* ViewController.swift */ = {isa = PBXFileReference; lastKnownFileType = sourcecode.swift; path = ViewController.swift; sourceTree = "<group>"; };
		CD0456FA2379F52100B8BB4C /* Base */ = {isa = PBXFileReference; lastKnownFileType = file.storyboard; name = Base; path = Base.lproj/Main.storyboard; sourceTree = "<group>"; };
		CD0456FC2379F52200B8BB4C /* Assets.xcassets */ = {isa = PBXFileReference; lastKnownFileType = folder.assetcatalog; path = Assets.xcassets; sourceTree = "<group>"; };
		CD0456FF2379F52200B8BB4C /* Base */ = {isa = PBXFileReference; lastKnownFileType = file.storyboard; name = Base; path = Base.lproj/LaunchScreen.storyboard; sourceTree = "<group>"; };
		CD0457012379F52200B8BB4C /* Info.plist */ = {isa = PBXFileReference; lastKnownFileType = text.plist.xml; path = Info.plist; sourceTree = "<group>"; };
		CD0457062379F52200B8BB4C /* ParstagramTests.xctest */ = {isa = PBXFileReference; explicitFileType = wrapper.cfbundle; includeInIndex = 0; path = ParstagramTests.xctest; sourceTree = BUILT_PRODUCTS_DIR; };
		CD04570A2379F52200B8BB4C /* ParstagramTests.swift */ = {isa = PBXFileReference; lastKnownFileType = sourcecode.swift; path = ParstagramTests.swift; sourceTree = "<group>"; };
		CD04570C2379F52200B8BB4C /* Info.plist */ = {isa = PBXFileReference; lastKnownFileType = text.plist.xml; path = Info.plist; sourceTree = "<group>"; };
		CD0457112379F52300B8BB4C /* ParstagramUITests.xctest */ = {isa = PBXFileReference; explicitFileType = wrapper.cfbundle; includeInIndex = 0; path = ParstagramUITests.xctest; sourceTree = BUILT_PRODUCTS_DIR; };
		CD0457152379F52300B8BB4C /* ParstagramUITests.swift */ = {isa = PBXFileReference; lastKnownFileType = sourcecode.swift; path = ParstagramUITests.swift; sourceTree = "<group>"; };
		CD0457172379F52300B8BB4C /* Info.plist */ = {isa = PBXFileReference; lastKnownFileType = text.plist.xml; path = Info.plist; sourceTree = "<group>"; };
/* End PBXFileReference section */

/* Begin PBXFrameworksBuildPhase section */
		CD0456ED2379F52100B8BB4C /* Frameworks */ = {
			isa = PBXFrameworksBuildPhase;
			buildActionMask = 2147483647;
			files = (
			);
			runOnlyForDeploymentPostprocessing = 0;
		};
		CD0457032379F52200B8BB4C /* Frameworks */ = {
			isa = PBXFrameworksBuildPhase;
			buildActionMask = 2147483647;
			files = (
			);
			runOnlyForDeploymentPostprocessing = 0;
		};
		CD04570E2379F52300B8BB4C /* Frameworks */ = {
			isa = PBXFrameworksBuildPhase;
			buildActionMask = 2147483647;
			files = (
			);
			runOnlyForDeploymentPostprocessing = 0;
		};
/* End PBXFrameworksBuildPhase section */

/* Begin PBXGroup section */
		CD0456E72379F52100B8BB4C = {
			isa = PBXGroup;
			children = (
				CD0456F22379F52100B8BB4C /* Parstagram */,
				CD0457092379F52200B8BB4C /* ParstagramTests */,
				CD0457142379F52300B8BB4C /* ParstagramUITests */,
				CD0456F12379F52100B8BB4C /* Products */,
			);
			sourceTree = "<group>";
		};
		CD0456F12379F52100B8BB4C /* Products */ = {
			isa = PBXGroup;
			children = (
				CD0456F02379F52100B8BB4C /* Parstagram.app */,
				CD0457062379F52200B8BB4C /* ParstagramTests.xctest */,
				CD0457112379F52300B8BB4C /* ParstagramUITests.xctest */,
			);
			name = Products;
			sourceTree = "<group>";
		};
		CD0456F22379F52100B8BB4C /* Parstagram */ = {
			isa = PBXGroup;
			children = (
				CD0456F32379F52100B8BB4C /* AppDelegate.swift */,
				CD0456F52379F52100B8BB4C /* SceneDelegate.swift */,
				CD0456F72379F52100B8BB4C /* ViewController.swift */,
				CD0456F92379F52100B8BB4C /* Main.storyboard */,
				CD0456FC2379F52200B8BB4C /* Assets.xcassets */,
				CD0456FE2379F52200B8BB4C /* LaunchScreen.storyboard */,
				CD0457012379F52200B8BB4C /* Info.plist */,
			);
			path = Parstagram;
			sourceTree = "<group>";
		};
		CD0457092379F52200B8BB4C /* ParstagramTests */ = {
			isa = PBXGroup;
			children = (
				CD04570A2379F52200B8BB4C /* ParstagramTests.swift */,
				CD04570C2379F52200B8BB4C /* Info.plist */,
			);
			path = ParstagramTests;
			sourceTree = "<group>";
		};
		CD0457142379F52300B8BB4C /* ParstagramUITests */ = {
			isa = PBXGroup;
			children = (
				CD0457152379F52300B8BB4C /* ParstagramUITests.swift */,
				CD0457172379F52300B8BB4C /* Info.plist */,
			);
			path = ParstagramUITests;
			sourceTree = "<group>";
		};
/* End PBXGroup section */

/* Begin PBXNativeTarget section */
		CD0456EF2379F52100B8BB4C /* Parstagram */ = {
			isa = PBXNativeTarget;
			buildConfigurationList = CD04571A2379F52300B8BB4C /* Build configuration list for PBXNativeTarget "Parstagram" */;
			buildPhases = (
				CD0456EC2379F52100B8BB4C /* Sources */,
				CD0456ED2379F52100B8BB4C /* Frameworks */,
				CD0456EE2379F52100B8BB4C /* Resources */,
			);
			buildRules = (
			);
			dependencies = (
			);
			name = Parstagram;
			productName = Parstagram;
			productReference = CD0456F02379F52100B8BB4C /* Parstagram.app */;
			productType = "com.apple.product-type.application";
		};
		CD0457052379F52200B8BB4C /* ParstagramTests */ = {
			isa = PBXNativeTarget;
			buildConfigurationList = CD04571D2379F52300B8BB4C /* Build configuration list for PBXNativeTarget "ParstagramTests" */;
			buildPhases = (
				CD0457022379F52200B8BB4C /* Sources */,
				CD0457032379F52200B8BB4C /* Frameworks */,
				CD0457042379F52200B8BB4C /* Resources */,
			);
			buildRules = (
			);
			dependencies = (
				CD0457082379F52200B8BB4C /* PBXTargetDependency */,
			);
			name = ParstagramTests;
			productName = ParstagramTests;
			productReference = CD0457062379F52200B8BB4C /* ParstagramTests.xctest */;
			productType = "com.apple.product-type.bundle.unit-test";
		};
		CD0457102379F52300B8BB4C /* ParstagramUITests */ = {
			isa = PBXNativeTarget;
			buildConfigurationList = CD0457202379F52300B8BB4C /* Build configuration list for PBXNativeTarget "ParstagramUITests" */;
			buildPhases = (
				CD04570D2379F52300B8BB4C /* Sources */,
				CD04570E2379F52300B8BB4C /* Frameworks */,
				CD04570F2379F52300B8BB4C /* Resources */,
			);
			buildRules = (
			);
			dependencies = (
				CD0457132379F52300B8BB4C /* PBXTargetDependency */,
			);
			name = ParstagramUITests;
			productName = ParstagramUITests;
			productReference = CD0457112379F52300B8BB4C /* ParstagramUITests.xctest */;
			productType = "com.apple.product-type.bundle.ui-testing";
		};
/* End PBXNativeTarget section */

/* Begin PBXProject section */
		CD0456E82379F52100B8BB4C /* Project object */ = {
			isa = PBXProject;
			attributes = {
				LastSwiftUpdateCheck = 1110;
				LastUpgradeCheck = 1110;
				ORGANIZATIONNAME = jiale98chinoguay;
				TargetAttributes = {
					CD0456EF2379F52100B8BB4C = {
						CreatedOnToolsVersion = 11.1;
					};
					CD0457052379F52200B8BB4C = {
						CreatedOnToolsVersion = 11.1;
						TestTargetID = CD0456EF2379F52100B8BB4C;
					};
					CD0457102379F52300B8BB4C = {
						CreatedOnToolsVersion = 11.1;
						TestTargetID = CD0456EF2379F52100B8BB4C;
					};
				};
			};
			buildConfigurationList = CD0456EB2379F52100B8BB4C /* Build configuration list for PBXProject "Parstagram" */;
			compatibilityVersion = "Xcode 9.3";
			developmentRegion = en;
			hasScannedForEncodings = 0;
			knownRegions = (
				en,
				Base,
			);
			mainGroup = CD0456E72379F52100B8BB4C;
			productRefGroup = CD0456F12379F52100B8BB4C /* Products */;
			projectDirPath = "";
			projectRoot = "";
			targets = (
				CD0456EF2379F52100B8BB4C /* Parstagram */,
				CD0457052379F52200B8BB4C /* ParstagramTests */,
				CD0457102379F52300B8BB4C /* ParstagramUITests */,
			);
		};
/* End PBXProject section */

/* Begin PBXResourcesBuildPhase section */
		CD0456EE2379F52100B8BB4C /* Resources */ = {
			isa = PBXResourcesBuildPhase;
			buildActionMask = 2147483647;
			files = (
				CD0457002379F52200B8BB4C /* LaunchScreen.storyboard in Resources */,
				CD0456FD2379F52200B8BB4C /* Assets.xcassets in Resources */,
				CD0456FB2379F52100B8BB4C /* Main.storyboard in Resources */,
			);
			runOnlyForDeploymentPostprocessing = 0;
		};
		CD0457042379F52200B8BB4C /* Resources */ = {
			isa = PBXResourcesBuildPhase;
			buildActionMask = 2147483647;
			files = (
			);
			runOnlyForDeploymentPostprocessing = 0;
		};
		CD04570F2379F52300B8BB4C /* Resources */ = {
			isa = PBXResourcesBuildPhase;
			buildActionMask = 2147483647;
			files = (
			);
			runOnlyForDeploymentPostprocessing = 0;
		};
/* End PBXResourcesBuildPhase section */

/* Begin PBXSourcesBuildPhase section */
		CD0456EC2379F52100B8BB4C /* Sources */ = {
			isa = PBXSourcesBuildPhase;
			buildActionMask = 2147483647;
			files = (
				CD0456F82379F52100B8BB4C /* ViewController.swift in Sources */,
				CD0456F42379F52100B8BB4C /* AppDelegate.swift in Sources */,
				CD0456F62379F52100B8BB4C /* SceneDelegate.swift in Sources */,
			);
			runOnlyForDeploymentPostprocessing = 0;
		};
		CD0457022379F52200B8BB4C /* Sources */ = {
			isa = PBXSourcesBuildPhase;
			buildActionMask = 2147483647;
			files = (
				CD04570B2379F52200B8BB4C /* ParstagramTests.swift in Sources */,
			);
			runOnlyForDeploymentPostprocessing = 0;
		};
		CD04570D2379F52300B8BB4C /* Sources */ = {
			isa = PBXSourcesBuildPhase;
			buildActionMask = 2147483647;
			files = (
				CD0457162379F52300B8BB4C /* ParstagramUITests.swift in Sources */,
			);
			runOnlyForDeploymentPostprocessing = 0;
		};
/* End PBXSourcesBuildPhase section */

/* Begin PBXTargetDependency section */
		CD0457082379F52200B8BB4C /* PBXTargetDependency */ = {
			isa = PBXTargetDependency;
			target = CD0456EF2379F52100B8BB4C /* Parstagram */;
			targetProxy = CD0457072379F52200B8BB4C /* PBXContainerItemProxy */;
		};
		CD0457132379F52300B8BB4C /* PBXTargetDependency */ = {
			isa = PBXTargetDependency;
			target = CD0456EF2379F52100B8BB4C /* Parstagram */;
			targetProxy = CD0457122379F52300B8BB4C /* PBXContainerItemProxy */;
		};
/* End PBXTargetDependency section */

/* Begin PBXVariantGroup section */
		CD0456F92379F52100B8BB4C /* Main.storyboard */ = {
			isa = PBXVariantGroup;
			children = (
				CD0456FA2379F52100B8BB4C /* Base */,
			);
			name = Main.storyboard;
			sourceTree = "<group>";
		};
		CD0456FE2379F52200B8BB4C /* LaunchScreen.storyboard */ = {
			isa = PBXVariantGroup;
			children = (
				CD0456FF2379F52200B8BB4C /* Base */,
			);
			name = LaunchScreen.storyboard;
			sourceTree = "<group>";
		};
/* End PBXVariantGroup section */

/* Begin XCBuildConfiguration section */
		CD0457182379F52300B8BB4C /* Debug */ = {
			isa = XCBuildConfiguration;
			buildSettings = {
				ALWAYS_SEARCH_USER_PATHS = NO;
				CLANG_ANALYZER_NONNULL = YES;
				CLANG_ANALYZER_NUMBER_OBJECT_CONVERSION = YES_AGGRESSIVE;
				CLANG_CXX_LANGUAGE_STANDARD = "gnu++14";
				CLANG_CXX_LIBRARY = "libc++";
				CLANG_ENABLE_MODULES = YES;
				CLANG_ENABLE_OBJC_ARC = YES;
				CLANG_ENABLE_OBJC_WEAK = YES;
				CLANG_WARN_BLOCK_CAPTURE_AUTORELEASING = YES;
				CLANG_WARN_BOOL_CONVERSION = YES;
				CLANG_WARN_COMMA = YES;
				CLANG_WARN_CONSTANT_CONVERSION = YES;
				CLANG_WARN_DEPRECATED_OBJC_IMPLEMENTATIONS = YES;
				CLANG_WARN_DIRECT_OBJC_ISA_USAGE = YES_ERROR;
				CLANG_WARN_DOCUMENTATION_COMMENTS = YES;
				CLANG_WARN_EMPTY_BODY = YES;
				CLANG_WARN_ENUM_CONVERSION = YES;
				CLANG_WARN_INFINITE_RECURSION = YES;
				CLANG_WARN_INT_CONVERSION = YES;
				CLANG_WARN_NON_LITERAL_NULL_CONVERSION = YES;
				CLANG_WARN_OBJC_IMPLICIT_RETAIN_SELF = YES;
				CLANG_WARN_OBJC_LITERAL_CONVERSION = YES;
				CLANG_WARN_OBJC_ROOT_CLASS = YES_ERROR;
				CLANG_WARN_RANGE_LOOP_ANALYSIS = YES;
				CLANG_WARN_STRICT_PROTOTYPES = YES;
				CLANG_WARN_SUSPICIOUS_MOVE = YES;
				CLANG_WARN_UNGUARDED_AVAILABILITY = YES_AGGRESSIVE;
				CLANG_WARN_UNREACHABLE_CODE = YES;
				CLANG_WARN__DUPLICATE_METHOD_MATCH = YES;
				COPY_PHASE_STRIP = NO;
				DEBUG_INFORMATION_FORMAT = dwarf;
				ENABLE_STRICT_OBJC_MSGSEND = YES;
				ENABLE_TESTABILITY = YES;
				GCC_C_LANGUAGE_STANDARD = gnu11;
				GCC_DYNAMIC_NO_PIC = NO;
				GCC_NO_COMMON_BLOCKS = YES;
				GCC_OPTIMIZATION_LEVEL = 0;
				GCC_PREPROCESSOR_DEFINITIONS = (
					"DEBUG=1",
					"$(inherited)",
				);
				GCC_WARN_64_TO_32_BIT_CONVERSION = YES;
				GCC_WARN_ABOUT_RETURN_TYPE = YES_ERROR;
				GCC_WARN_UNDECLARED_SELECTOR = YES;
				GCC_WARN_UNINITIALIZED_AUTOS = YES_AGGRESSIVE;
				GCC_WARN_UNUSED_FUNCTION = YES;
				GCC_WARN_UNUSED_VARIABLE = YES;
				IPHONEOS_DEPLOYMENT_TARGET = 13.1;
				MTL_ENABLE_DEBUG_INFO = INCLUDE_SOURCE;
				MTL_FAST_MATH = YES;
				ONLY_ACTIVE_ARCH = YES;
				SDKROOT = iphoneos;
				SWIFT_ACTIVE_COMPILATION_CONDITIONS = DEBUG;
				SWIFT_OPTIMIZATION_LEVEL = "-Onone";
			};
			name = Debug;
		};
		CD0457192379F52300B8BB4C /* Release */ = {
			isa = XCBuildConfiguration;
			buildSettings = {
				ALWAYS_SEARCH_USER_PATHS = NO;
				CLANG_ANALYZER_NONNULL = YES;
				CLANG_ANALYZER_NUMBER_OBJECT_CONVERSION = YES_AGGRESSIVE;
				CLANG_CXX_LANGUAGE_STANDARD = "gnu++14";
				CLANG_CXX_LIBRARY = "libc++";
				CLANG_ENABLE_MODULES = YES;
				CLANG_ENABLE_OBJC_ARC = YES;
				CLANG_ENABLE_OBJC_WEAK = YES;
				CLANG_WARN_BLOCK_CAPTURE_AUTORELEASING = YES;
				CLANG_WARN_BOOL_CONVERSION = YES;
				CLANG_WARN_COMMA = YES;
				CLANG_WARN_CONSTANT_CONVERSION = YES;
				CLANG_WARN_DEPRECATED_OBJC_IMPLEMENTATIONS = YES;
				CLANG_WARN_DIRECT_OBJC_ISA_USAGE = YES_ERROR;
				CLANG_WARN_DOCUMENTATION_COMMENTS = YES;
				CLANG_WARN_EMPTY_BODY = YES;
				CLANG_WARN_ENUM_CONVERSION = YES;
				CLANG_WARN_INFINITE_RECURSION = YES;
				CLANG_WARN_INT_CONVERSION = YES;
				CLANG_WARN_NON_LITERAL_NULL_CONVERSION = YES;
				CLANG_WARN_OBJC_IMPLICIT_RETAIN_SELF = YES;
				CLANG_WARN_OBJC_LITERAL_CONVERSION = YES;
				CLANG_WARN_OBJC_ROOT_CLASS = YES_ERROR;
				CLANG_WARN_RANGE_LOOP_ANALYSIS = YES;
				CLANG_WARN_STRICT_PROTOTYPES = YES;
				CLANG_WARN_SUSPICIOUS_MOVE = YES;
				CLANG_WARN_UNGUARDED_AVAILABILITY = YES_AGGRESSIVE;
				CLANG_WARN_UNREACHABLE_CODE = YES;
				CLANG_WARN__DUPLICATE_METHOD_MATCH = YES;
				COPY_PHASE_STRIP = NO;
				DEBUG_INFORMATION_FORMAT = "dwarf-with-dsym";
				ENABLE_NS_ASSERTIONS = NO;
				ENABLE_STRICT_OBJC_MSGSEND = YES;
				GCC_C_LANGUAGE_STANDARD = gnu11;
				GCC_NO_COMMON_BLOCKS = YES;
				GCC_WARN_64_TO_32_BIT_CONVERSION = YES;
				GCC_WARN_ABOUT_RETURN_TYPE = YES_ERROR;
				GCC_WARN_UNDECLARED_SELECTOR = YES;
				GCC_WARN_UNINITIALIZED_AUTOS = YES_AGGRESSIVE;
				GCC_WARN_UNUSED_FUNCTION = YES;
				GCC_WARN_UNUSED_VARIABLE = YES;
				IPHONEOS_DEPLOYMENT_TARGET = 13.1;
				MTL_ENABLE_DEBUG_INFO = NO;
				MTL_FAST_MATH = YES;
				SDKROOT = iphoneos;
				SWIFT_COMPILATION_MODE = wholemodule;
				SWIFT_OPTIMIZATION_LEVEL = "-O";
				VALIDATE_PRODUCT = YES;
			};
			name = Release;
		};
		CD04571B2379F52300B8BB4C /* Debug */ = {
			isa = XCBuildConfiguration;
			buildSettings = {
				ASSETCATALOG_COMPILER_APPICON_NAME = AppIcon;
				CODE_SIGN_STYLE = Automatic;
				INFOPLIST_FILE = Parstagram/Info.plist;
				LD_RUNPATH_SEARCH_PATHS = (
					"$(inherited)",
					"@executable_path/Frameworks",
				);
				PRODUCT_BUNDLE_IDENTIFIER = com.jiale98chinoguay.flixster.Parstagram;
				PRODUCT_NAME = "$(TARGET_NAME)";
				SWIFT_VERSION = 5.0;
				TARGETED_DEVICE_FAMILY = "1,2";
			};
			name = Debug;
		};
		CD04571C2379F52300B8BB4C /* Release */ = {
			isa = XCBuildConfiguration;
			buildSettings = {
				ASSETCATALOG_COMPILER_APPICON_NAME = AppIcon;
				CODE_SIGN_STYLE = Automatic;
				INFOPLIST_FILE = Parstagram/Info.plist;
				LD_RUNPATH_SEARCH_PATHS = (
					"$(inherited)",
					"@executable_path/Frameworks",
				);
				PRODUCT_BUNDLE_IDENTIFIER = com.jiale98chinoguay.flixster.Parstagram;
				PRODUCT_NAME = "$(TARGET_NAME)";
				SWIFT_VERSION = 5.0;
				TARGETED_DEVICE_FAMILY = "1,2";
			};
			name = Release;
		};
		CD04571E2379F52300B8BB4C /* Debug */ = {
			isa = XCBuildConfiguration;
			buildSettings = {
				ALWAYS_EMBED_SWIFT_STANDARD_LIBRARIES = YES;
				BUNDLE_LOADER = "$(TEST_HOST)";
				CODE_SIGN_STYLE = Automatic;
				INFOPLIST_FILE = ParstagramTests/Info.plist;
				IPHONEOS_DEPLOYMENT_TARGET = 13.1;
				LD_RUNPATH_SEARCH_PATHS = (
					"$(inherited)",
					"@executable_path/Frameworks",
					"@loader_path/Frameworks",
				);
				PRODUCT_BUNDLE_IDENTIFIER = com.jiale98chinoguay.flixster.ParstagramTests;
				PRODUCT_NAME = "$(TARGET_NAME)";
				SWIFT_VERSION = 5.0;
				TARGETED_DEVICE_FAMILY = "1,2";
				TEST_HOST = "$(BUILT_PRODUCTS_DIR)/Parstagram.app/Parstagram";
			};
			name = Debug;
		};
		CD04571F2379F52300B8BB4C /* Release */ = {
			isa = XCBuildConfiguration;
			buildSettings = {
				ALWAYS_EMBED_SWIFT_STANDARD_LIBRARIES = YES;
				BUNDLE_LOADER = "$(TEST_HOST)";
				CODE_SIGN_STYLE = Automatic;
				INFOPLIST_FILE = ParstagramTests/Info.plist;
				IPHONEOS_DEPLOYMENT_TARGET = 13.1;
				LD_RUNPATH_SEARCH_PATHS = (
					"$(inherited)",
					"@executable_path/Frameworks",
					"@loader_path/Frameworks",
				);
				PRODUCT_BUNDLE_IDENTIFIER = com.jiale98chinoguay.flixster.ParstagramTests;
				PRODUCT_NAME = "$(TARGET_NAME)";
				SWIFT_VERSION = 5.0;
				TARGETED_DEVICE_FAMILY = "1,2";
				TEST_HOST = "$(BUILT_PRODUCTS_DIR)/Parstagram.app/Parstagram";
			};
			name = Release;
		};
		CD0457212379F52300B8BB4C /* Debug */ = {
			isa = XCBuildConfiguration;
			buildSettings = {
				ALWAYS_EMBED_SWIFT_STANDARD_LIBRARIES = YES;
				CODE_SIGN_STYLE = Automatic;
				INFOPLIST_FILE = ParstagramUITests/Info.plist;
				LD_RUNPATH_SEARCH_PATHS = (
					"$(inherited)",
					"@executable_path/Frameworks",
					"@loader_path/Frameworks",
				);
				PRODUCT_BUNDLE_IDENTIFIER = com.jiale98chinoguay.flixster.ParstagramUITests;
				PRODUCT_NAME = "$(TARGET_NAME)";
				SWIFT_VERSION = 5.0;
				TARGETED_DEVICE_FAMILY = "1,2";
				TEST_TARGET_NAME = Parstagram;
			};
			name = Debug;
		};
		CD0457222379F52300B8BB4C /* Release */ = {
			isa = XCBuildConfiguration;
			buildSettings = {
				ALWAYS_EMBED_SWIFT_STANDARD_LIBRARIES = YES;
				CODE_SIGN_STYLE = Automatic;
				INFOPLIST_FILE = ParstagramUITests/Info.plist;
				LD_RUNPATH_SEARCH_PATHS = (
					"$(inherited)",
					"@executable_path/Frameworks",
					"@loader_path/Frameworks",
				);
				PRODUCT_BUNDLE_IDENTIFIER = com.jiale98chinoguay.flixster.ParstagramUITests;
				PRODUCT_NAME = "$(TARGET_NAME)";
				SWIFT_VERSION = 5.0;
				TARGETED_DEVICE_FAMILY = "1,2";
				TEST_TARGET_NAME = Parstagram;
			};
			name = Release;
		};
/* End XCBuildConfiguration section */

/* Begin XCConfigurationList section */
		CD0456EB2379F52100B8BB4C /* Build configuration list for PBXProject "Parstagram" */ = {
			isa = XCConfigurationList;
			buildConfigurations = (
				CD0457182379F52300B8BB4C /* Debug */,
				CD0457192379F52300B8BB4C /* Release */,
			);
			defaultConfigurationIsVisible = 0;
			defaultConfigurationName = Release;
		};
		CD04571A2379F52300B8BB4C /* Build configuration list for PBXNativeTarget "Parstagram" */ = {
			isa = XCConfigurationList;
			buildConfigurations = (
				CD04571B2379F52300B8BB4C /* Debug */,
				CD04571C2379F52300B8BB4C /* Release */,
			);
			defaultConfigurationIsVisible = 0;
			defaultConfigurationName = Release;
		};
		CD04571D2379F52300B8BB4C /* Build configuration list for PBXNativeTarget "ParstagramTests" */ = {
			isa = XCConfigurationList;
			buildConfigurations = (
				CD04571E2379F52300B8BB4C /* Debug */,
				CD04571F2379F52300B8BB4C /* Release */,
			);
			defaultConfigurationIsVisible = 0;
			defaultConfigurationName = Release;
		};
		CD0457202379F52300B8BB4C /* Build configuration list for PBXNativeTarget "ParstagramUITests" */ = {
			isa = XCConfigurationList;
			buildConfigurations = (
				CD0457212379F52300B8BB4C /* Debug */,
				CD0457222379F52300B8BB4C /* Release */,
			);
			defaultConfigurationIsVisible = 0;
			defaultConfigurationName = Release;
		};
/* End XCConfigurationList section */
	};
	rootObject = CD0456E82379F52100B8BB4C /* Project object */;
}
